
Microsoft Visual Studio Solution File, Format Version 12.00
# Visual Studio Version 16
VisualStudioVersion = 16.0.31321.278
MinimumVisualStudioVersion = 10.0.40219.1
Project("{FAE04EC0-301F-11D3-BF4B-00C04F79EFBC}") = "CardsApp", "CardsApp.csproj", "{27EAA362-A43A-47B7-B9DC-42BC25CD5A30}"
EndProject
Global
	GlobalSection(SolutionConfigurationPlatforms) = preSolution
		Debug|Any CPU = Debug|Any CPU
		Release|Any CPU = Release|Any CPU
	EndGlobalSection
	GlobalSection(ProjectConfigurationPlatforms) = postSolution
		{27EAA362-A43A-47B7-B9DC-42BC25CD5A30}.Debug|Any CPU.ActiveCfg = Debug|Any CPU
		{27EAA362-A43A-47B7-B9DC-42BC25CD5A30}.Debug|Any CPU.Build.0 = Debug|Any CPU
		{27EAA362-A43A-47B7-B9DC-42BC25CD5A30}.Release|Any CPU.ActiveCfg = Release|Any CPU
		{27EAA362-A43A-47B7-B9DC-42BC25CD5A30}.Release|Any CPU.Build.0 = Release|Any CPU
	EndGlobalSection
	GlobalSection(SolutionProperties) = preSolution
		HideSolutionNode = FALSE
	EndGlobalSection
	GlobalSection(ExtensibilityGlobals) = postSolution
		SolutionGuid = {174E7470-27E8-492B-85BF-570C80D35371}
	EndGlobalSection
EndGlobal
